
Microsoft Visual Studio Solution File, Format Version 12.00
# Visual Studio 2012
Project("{FAE04EC0-301F-11D3-BF4B-00C04F79EFBC}") = "HW1B", "HW1B\HW1B.csproj", "{CBA7C695-D8CB-4098-A184-6063B22B1A29}"
EndProject
Global
	GlobalSection(SolutionConfigurationPlatforms) = preSolution
		Debug|Any CPU = Debug|Any CPU
		Release|Any CPU = Release|Any CPU
	EndGlobalSection
	GlobalSection(ProjectConfigurationPlatforms) = postSolution
		{CBA7C695-D8CB-4098-A184-6063B22B1A29}.Debug|Any CPU.ActiveCfg = Debug|Any CPU
		{CBA7C695-D8CB-4098-A184-6063B22B1A29}.Debug|Any CPU.Build.0 = Debug|Any CPU
		{CBA7C695-D8CB-4098-A184-6063B22B1A29}.Release|Any CPU.ActiveCfg = Release|Any CPU
		{CBA7C695-D8CB-4098-A184-6063B22B1A29}.Release|Any CPU.Build.0 = Release|Any CPU
	EndGlobalSection
	GlobalSection(SolutionProperties) = preSolution
		HideSolutionNode = FALSE
	EndGlobalSection
EndGlobal
